
Microsoft Visual Studio Solution File, Format Version 12.00
# Visual Studio Version 17
VisualStudioVersion = 17.1.32319.34
MinimumVisualStudioVersion = 10.0.40219.1
Project("{2150E333-8FDC-42A3-9474-1A3956D46DE8}") = "Demos", "Demos", "{F393F1AE-F48F-4E0B-B816-53963B302442}"
EndProject
Project("{9A19103F-16F7-4668-BE54-9A1E7A4F7556}") = "LogGenerator", "Demos\LogGenerator\LogGenerator.csproj", "{0C105E73-D428-4AD3-A1A2-7CD5D2D82B75}"
EndProject
Project("{9A19103F-16F7-4668-BE54-9A1E7A4F7556}") = "ConsoleTest", "ConsoleTest\ConsoleTest.csproj", "{3746FA0F-DF7F-4BAC-9B1C-BD6E42ABAC4F}"
EndProject
Global
	GlobalSection(SolutionConfigurationPlatforms) = preSolution
		Debug|Any CPU = Debug|Any CPU
		Release|Any CPU = Release|Any CPU
	EndGlobalSection
	GlobalSection(ProjectConfigurationPlatforms) = postSolution
		{0C105E73-D428-4AD3-A1A2-7CD5D2D82B75}.Debug|Any CPU.ActiveCfg = Debug|Any CPU
		{0C105E73-D428-4AD3-A1A2-7CD5D2D82B75}.Debug|Any CPU.Build.0 = Debug|Any CPU
		{0C105E73-D428-4AD3-A1A2-7CD5D2D82B75}.Release|Any CPU.ActiveCfg = Release|Any CPU
		{0C105E73-D428-4AD3-A1A2-7CD5D2D82B75}.Release|Any CPU.Build.0 = Release|Any CPU
		{3746FA0F-DF7F-4BAC-9B1C-BD6E42ABAC4F}.Debug|Any CPU.ActiveCfg = Debug|Any CPU
		{3746FA0F-DF7F-4BAC-9B1C-BD6E42ABAC4F}.Debug|Any CPU.Build.0 = Debug|Any CPU
		{3746FA0F-DF7F-4BAC-9B1C-BD6E42ABAC4F}.Release|Any CPU.ActiveCfg = Release|Any CPU
		{3746FA0F-DF7F-4BAC-9B1C-BD6E42ABAC4F}.Release|Any CPU.Build.0 = Release|Any CPU
	EndGlobalSection
	GlobalSection(SolutionProperties) = preSolution
		HideSolutionNode = FALSE
	EndGlobalSection
	GlobalSection(NestedProjects) = preSolution
		{0C105E73-D428-4AD3-A1A2-7CD5D2D82B75} = {F393F1AE-F48F-4E0B-B816-53963B302442}
	EndGlobalSection
	GlobalSection(ExtensibilityGlobals) = postSolution
		SolutionGuid = {EA60A06B-9D52-4EA8-8C7E-E9C8A4FA826D}
	EndGlobalSection
EndGlobal
